// !$*UTF8*$!
{
	archiveVersion = 1;
	classes = {
	};
	objectVersion = 52;
	objects = {

/* Begin PBXBuildFile section */
		28379A0A255A1FDC000750EF /* AppDelegate.swift in Sources */ = {isa = PBXBuildFile; fileRef = 28379A09255A1FDC000750EF /* AppDelegate.swift */; };
		28379A0C255A1FDC000750EF /* SceneDelegate.swift in Sources */ = {isa = PBXBuildFile; fileRef = 28379A0B255A1FDC000750EF /* SceneDelegate.swift */; };
		28379A0E255A1FDC000750EF /* ATMainViewController.swift in Sources */ = {isa = PBXBuildFile; fileRef = 28379A0D255A1FDC000750EF /* ATMainViewController.swift */; };
		28379A23255A2048000750EF /* LaunchScreen.storyboard in Resources */ = {isa = PBXBuildFile; fileRef = 28379A21255A2048000750EF /* LaunchScreen.storyboard */; };
		28379A24255A2048000750EF /* Main.storyboard in Resources */ = {isa = PBXBuildFile; fileRef = 28379A22255A2048000750EF /* Main.storyboard */; };
		28379A2C255A20C3000750EF /* Localizable.strings in Resources */ = {isa = PBXBuildFile; fileRef = 28379A28255A20C3000750EF /* Localizable.strings */; };
		28379A2D255A20C3000750EF /* Assets.xcassets in Resources */ = {isa = PBXBuildFile; fileRef = 28379A2A255A20C3000750EF /* Assets.xcassets */; };
		28379A32255A21E9000750EF /* Colors.xcassets in Resources */ = {isa = PBXBuildFile; fileRef = 28379A31255A21E9000750EF /* Colors.xcassets */; };
		28379A36255A22E1000750EF /* Color+Custom.swift in Sources */ = {isa = PBXBuildFile; fileRef = 28379A35255A22E1000750EF /* Color+Custom.swift */; };
		28379A3E255A2509000750EF /* Localizable.swift in Sources */ = {isa = PBXBuildFile; fileRef = 28379A3D255A2509000750EF /* Localizable.swift */; };
		28379A42255A25D5000750EF /* APIHandler.swift in Sources */ = {isa = PBXBuildFile; fileRef = 28379A41255A25D5000750EF /* APIHandler.swift */; };
		28379A4E255A2A95000750EF /* ATError.swift in Sources */ = {isa = PBXBuildFile; fileRef = 28379A4D255A2A94000750EF /* ATError.swift */; };
		28815B5A255B7EA600B14FAE /* ATTimePeriodCell.swift in Sources */ = {isa = PBXBuildFile; fileRef = 28815B58255B7EA600B14FAE /* ATTimePeriodCell.swift */; };
		28815B5B255B7EA600B14FAE /* ATTimePeriodCell.xib in Resources */ = {isa = PBXBuildFile; fileRef = 28815B59255B7EA600B14FAE /* ATTimePeriodCell.xib */; };
		28991909255A443C00EF8881 /* calendar.json in Resources */ = {isa = PBXBuildFile; fileRef = 28991908255A443C00EF8881 /* calendar.json */; };
		289B3FEC255A7BDE00C8D147 /* ATCalendarView.swift in Sources */ = {isa = PBXBuildFile; fileRef = 289B3FEB255A7BDE00C8D147 /* ATCalendarView.swift */; };
		289B3FF0255A7BF900C8D147 /* ATCalendarViewCell.swift in Sources */ = {isa = PBXBuildFile; fileRef = 289B3FEE255A7BF900C8D147 /* ATCalendarViewCell.swift */; };
		289B3FF1255A7BF900C8D147 /* ATCalendarViewCell.xib in Resources */ = {isa = PBXBuildFile; fileRef = 289B3FEF255A7BF900C8D147 /* ATCalendarViewCell.xib */; };
		289B3FF4255A7C2400C8D147 /* ReusableView.swift in Sources */ = {isa = PBXBuildFile; fileRef = 289B3FF3255A7C2400C8D147 /* ReusableView.swift */; };
		289B3FF7255A7C9900C8D147 /* NibOwnerLoadable.swift in Sources */ = {isa = PBXBuildFile; fileRef = 289B3FF6255A7C9900C8D147 /* NibOwnerLoadable.swift */; };
		289B4000255A83B800C8D147 /* ATCalendarViewLayout.swift in Sources */ = {isa = PBXBuildFile; fileRef = 289B3FFF255A83B800C8D147 /* ATCalendarViewLayout.swift */; };
		289B400F255AEA4000C8D147 /* Date+Custom.swift in Sources */ = {isa = PBXBuildFile; fileRef = 289B400E255AEA4000C8D147 /* Date+Custom.swift */; };
		289B4014255B77D800C8D147 /* ATDayTimetable.swift in Sources */ = {isa = PBXBuildFile; fileRef = 289B4013255B77D800C8D147 /* ATDayTimetable.swift */; };
		28DF8DBD26970D5600CD0462 /* Api.swift in Sources */ = {isa = PBXBuildFile; fileRef = 28DF8DBC26970D5600CD0462 /* Api.swift */; };
		28DF8DC026970DA000CD0462 /* Alamofire in Frameworks */ = {isa = PBXBuildFile; productRef = 28DF8DBF26970DA000CD0462 /* Alamofire */; };
		28DF8DC22697149D00CD0462 /* APIParseHandler.swift in Sources */ = {isa = PBXBuildFile; fileRef = 28DF8DC12697149D00CD0462 /* APIParseHandler.swift */; };
		28DF8DC42697497500CD0462 /* Alamofire+Custom.swift in Sources */ = {isa = PBXBuildFile; fileRef = 28DF8DC32697497500CD0462 /* Alamofire+Custom.swift */; };
		28DF8DC626974A8800CD0462 /* URL+Custom.swift in Sources */ = {isa = PBXBuildFile; fileRef = 28DF8DC526974A8800CD0462 /* URL+Custom.swift */; };
		28DF8DC826974C6F00CD0462 /* APIRequestHandler.swift in Sources */ = {isa = PBXBuildFile; fileRef = 28DF8DC726974C6F00CD0462 /* APIRequestHandler.swift */; };
/* End PBXBuildFile section */

/* Begin PBXFileReference section */
		28379A06255A1FDC000750EF /* AmazingTalker.app */ = {isa = PBXFileReference; explicitFileType = wrapper.application; includeInIndex = 0; path = AmazingTalker.app; sourceTree = BUILT_PRODUCTS_DIR; };
		28379A09255A1FDC000750EF /* AppDelegate.swift */ = {isa = PBXFileReference; lastKnownFileType = sourcecode.swift; path = AppDelegate.swift; sourceTree = "<group>"; };
		28379A0B255A1FDC000750EF /* SceneDelegate.swift */ = {isa = PBXFileReference; lastKnownFileType = sourcecode.swift; path = SceneDelegate.swift; sourceTree = "<group>"; };
		28379A0D255A1FDC000750EF /* ATMainViewController.swift */ = {isa = PBXFileReference; lastKnownFileType = sourcecode.swift; path = ATMainViewController.swift; sourceTree = "<group>"; };
		28379A17255A1FDD000750EF /* Info.plist */ = {isa = PBXFileReference; lastKnownFileType = text.plist.xml; path = Info.plist; sourceTree = "<group>"; };
		28379A21255A2048000750EF /* LaunchScreen.storyboard */ = {isa = PBXFileReference; fileEncoding = 4; lastKnownFileType = file.storyboard; path = LaunchScreen.storyboard; sourceTree = "<group>"; };
		28379A22255A2048000750EF /* Main.storyboard */ = {isa = PBXFileReference; fileEncoding = 4; lastKnownFileType = file.storyboard; path = Main.storyboard; sourceTree = "<group>"; };
		28379A29255A20C3000750EF /* en */ = {isa = PBXFileReference; lastKnownFileType = text.plist.strings; name = en; path = en.lproj/Localizable.strings; sourceTree = "<group>"; };
		28379A2A255A20C3000750EF /* Assets.xcassets */ = {isa = PBXFileReference; lastKnownFileType = folder.assetcatalog; path = Assets.xcassets; sourceTree = "<group>"; };
		28379A2B255A20C3000750EF /* zh-Hant */ = {isa = PBXFileReference; lastKnownFileType = text.plist.strings; name = "zh-Hant"; path = "zh-Hant.lproj/Localizable.strings"; sourceTree = "<group>"; };
		28379A31255A21E9000750EF /* Colors.xcassets */ = {isa = PBXFileReference; lastKnownFileType = folder.assetcatalog; path = Colors.xcassets; sourceTree = "<group>"; };
		28379A35255A22E1000750EF /* Color+Custom.swift */ = {isa = PBXFileReference; lastKnownFileType = sourcecode.swift; path = "Color+Custom.swift"; sourceTree = "<group>"; };
		28379A3D255A2509000750EF /* Localizable.swift */ = {isa = PBXFileReference; lastKnownFileType = sourcecode.swift; path = Localizable.swift; sourceTree = "<group>"; };
		28379A41255A25D5000750EF /* APIHandler.swift */ = {isa = PBXFileReference; lastKnownFileType = sourcecode.swift; path = APIHandler.swift; sourceTree = "<group>"; };
		28379A4D255A2A94000750EF /* ATError.swift */ = {isa = PBXFileReference; lastKnownFileType = sourcecode.swift; path = ATError.swift; sourceTree = "<group>"; };
		28815B58255B7EA600B14FAE /* ATTimePeriodCell.swift */ = {isa = PBXFileReference; lastKnownFileType = sourcecode.swift; path = ATTimePeriodCell.swift; sourceTree = "<group>"; };
		28815B59255B7EA600B14FAE /* ATTimePeriodCell.xib */ = {isa = PBXFileReference; lastKnownFileType = file.xib; path = ATTimePeriodCell.xib; sourceTree = "<group>"; };
		28991908255A443C00EF8881 /* calendar.json */ = {isa = PBXFileReference; fileEncoding = 4; lastKnownFileType = text.json; path = calendar.json; sourceTree = "<group>"; };
		289B3FEB255A7BDE00C8D147 /* ATCalendarView.swift */ = {isa = PBXFileReference; lastKnownFileType = sourcecode.swift; path = ATCalendarView.swift; sourceTree = "<group>"; };
		289B3FEE255A7BF900C8D147 /* ATCalendarViewCell.swift */ = {isa = PBXFileReference; lastKnownFileType = sourcecode.swift; path = ATCalendarViewCell.swift; sourceTree = "<group>"; };
		289B3FEF255A7BF900C8D147 /* ATCalendarViewCell.xib */ = {isa = PBXFileReference; lastKnownFileType = file.xib; path = ATCalendarViewCell.xib; sourceTree = "<group>"; };
		289B3FF3255A7C2400C8D147 /* ReusableView.swift */ = {isa = PBXFileReference; lastKnownFileType = sourcecode.swift; path = ReusableView.swift; sourceTree = "<group>"; };
		289B3FF6255A7C9900C8D147 /* NibOwnerLoadable.swift */ = {isa = PBXFileReference; lastKnownFileType = sourcecode.swift; path = NibOwnerLoadable.swift; sourceTree = "<group>"; };
		289B3FFF255A83B800C8D147 /* ATCalendarViewLayout.swift */ = {isa = PBXFileReference; lastKnownFileType = sourcecode.swift; path = ATCalendarViewLayout.swift; sourceTree = "<group>"; };
		289B400E255AEA4000C8D147 /* Date+Custom.swift */ = {isa = PBXFileReference; lastKnownFileType = sourcecode.swift; path = "Date+Custom.swift"; sourceTree = "<group>"; };
		289B4013255B77D800C8D147 /* ATDayTimetable.swift */ = {isa = PBXFileReference; lastKnownFileType = sourcecode.swift; path = ATDayTimetable.swift; sourceTree = "<group>"; };
		28DF8DBC26970D5600CD0462 /* Api.swift */ = {isa = PBXFileReference; lastKnownFileType = sourcecode.swift; path = Api.swift; sourceTree = "<group>"; };
		28DF8DC12697149D00CD0462 /* APIParseHandler.swift */ = {isa = PBXFileReference; lastKnownFileType = sourcecode.swift; path = APIParseHandler.swift; sourceTree = "<group>"; };
		28DF8DC32697497500CD0462 /* Alamofire+Custom.swift */ = {isa = PBXFileReference; lastKnownFileType = sourcecode.swift; path = "Alamofire+Custom.swift"; sourceTree = "<group>"; };
		28DF8DC526974A8800CD0462 /* URL+Custom.swift */ = {isa = PBXFileReference; lastKnownFileType = sourcecode.swift; path = "URL+Custom.swift"; sourceTree = "<group>"; };
		28DF8DC726974C6F00CD0462 /* APIRequestHandler.swift */ = {isa = PBXFileReference; lastKnownFileType = sourcecode.swift; path = APIRequestHandler.swift; sourceTree = "<group>"; };
/* End PBXFileReference section */

/* Begin PBXFrameworksBuildPhase section */
		28379A03255A1FDC000750EF /* Frameworks */ = {
			isa = PBXFrameworksBuildPhase;
			buildActionMask = 2147483647;
			files = (
				28DF8DC026970DA000CD0462 /* Alamofire in Frameworks */,
			);
			runOnlyForDeploymentPostprocessing = 0;
		};
/* End PBXFrameworksBuildPhase section */

/* Begin PBXGroup section */
		283799FD255A1FDC000750EF = {
			isa = PBXGroup;
			children = (
				28379A08255A1FDC000750EF /* AmazingTalker */,
				28379A07255A1FDC000750EF /* Products */,
			);
			sourceTree = "<group>";
		};
		28379A07255A1FDC000750EF /* Products */ = {
			isa = PBXGroup;
			children = (
				28379A06255A1FDC000750EF /* AmazingTalker.app */,
			);
			name = Products;
			sourceTree = "<group>";
		};
		28379A08255A1FDC000750EF /* AmazingTalker */ = {
			isa = PBXGroup;
			children = (
				28379A38255A231B000750EF /* Delegate */,
				28379A39255A232A000750EF /* Controllers */,
				28379A3C255A24EB000750EF /* Procotol */,
				28379A34255A22D1000750EF /* Extension */,
				28379A40255A25BF000750EF /* Model */,
				289B3FDF255A7B4500C8D147 /* View */,
				28379A21255A2048000750EF /* LaunchScreen.storyboard */,
				28379A17255A1FDD000750EF /* Info.plist */,
				28379A27255A20C3000750EF /* Resource */,
			);
			path = AmazingTalker;
			sourceTree = "<group>";
		};
		28379A27255A20C3000750EF /* Resource */ = {
			isa = PBXGroup;
			children = (
				28379A28255A20C3000750EF /* Localizable.strings */,
				28379A2A255A20C3000750EF /* Assets.xcassets */,
				28379A31255A21E9000750EF /* Colors.xcassets */,
			);
			path = Resource;
			sourceTree = "<group>";
		};
		28379A34255A22D1000750EF /* Extension */ = {
			isa = PBXGroup;
			children = (
				28379A35255A22E1000750EF /* Color+Custom.swift */,
				289B400E255AEA4000C8D147 /* Date+Custom.swift */,
				28DF8DC32697497500CD0462 /* Alamofire+Custom.swift */,
				28DF8DC526974A8800CD0462 /* URL+Custom.swift */,
			);
			path = Extension;
			sourceTree = "<group>";
		};
		28379A38255A231B000750EF /* Delegate */ = {
			isa = PBXGroup;
			children = (
				28379A09255A1FDC000750EF /* AppDelegate.swift */,
				28379A0B255A1FDC000750EF /* SceneDelegate.swift */,
			);
			path = Delegate;
			sourceTree = "<group>";
		};
		28379A39255A232A000750EF /* Controllers */ = {
			isa = PBXGroup;
			children = (
				28379A22255A2048000750EF /* Main.storyboard */,
				28379A0D255A1FDC000750EF /* ATMainViewController.swift */,
			);
			path = Controllers;
			sourceTree = "<group>";
		};
		28379A3C255A24EB000750EF /* Procotol */ = {
			isa = PBXGroup;
			children = (
				28379A3D255A2509000750EF /* Localizable.swift */,
				289B3FF3255A7C2400C8D147 /* ReusableView.swift */,
				289B3FF6255A7C9900C8D147 /* NibOwnerLoadable.swift */,
			);
			path = Procotol;
			sourceTree = "<group>";
		};
		28379A40255A25BF000750EF /* Model */ = {
			isa = PBXGroup;
			children = (
				289B4013255B77D800C8D147 /* ATDayTimetable.swift */,
				28379A50255A2B9E000750EF /* API */,
			);
			path = Model;
			sourceTree = "<group>";
		};
		28379A50255A2B9E000750EF /* API */ = {
			isa = PBXGroup;
			children = (
				28991907255A440A00EF8881 /* TestCase */,
				28DF8DBC26970D5600CD0462 /* Api.swift */,
				28379A41255A25D5000750EF /* APIHandler.swift */,
				28DF8DC726974C6F00CD0462 /* APIRequestHandler.swift */,
				28DF8DC12697149D00CD0462 /* APIParseHandler.swift */,
				28379A4D255A2A94000750EF /* ATError.swift */,
			);
			path = API;
			sourceTree = "<group>";
		};
		28991907255A440A00EF8881 /* TestCase */ = {
			isa = PBXGroup;
			children = (
				28991908255A443C00EF8881 /* calendar.json */,
			);
			path = TestCase;
			sourceTree = "<group>";
		};
		289B3FDF255A7B4500C8D147 /* View */ = {
			isa = PBXGroup;
			children = (
				289B3FE8255A7BAF00C8D147 /* CalendarView */,
			);
			path = View;
			sourceTree = "<group>";
		};
		289B3FE8255A7BAF00C8D147 /* CalendarView */ = {
			isa = PBXGroup;
			children = (
				289B3FEB255A7BDE00C8D147 /* ATCalendarView.swift */,
				289B3FEE255A7BF900C8D147 /* ATCalendarViewCell.swift */,
				289B3FEF255A7BF900C8D147 /* ATCalendarViewCell.xib */,
				289B3FFF255A83B800C8D147 /* ATCalendarViewLayout.swift */,
				28815B58255B7EA600B14FAE /* ATTimePeriodCell.swift */,
				28815B59255B7EA600B14FAE /* ATTimePeriodCell.xib */,
			);
			path = CalendarView;
			sourceTree = "<group>";
		};
/* End PBXGroup section */

/* Begin PBXNativeTarget section */
		28379A05255A1FDC000750EF /* AmazingTalker */ = {
			isa = PBXNativeTarget;
			buildConfigurationList = 28379A1A255A1FDD000750EF /* Build configuration list for PBXNativeTarget "AmazingTalker" */;
			buildPhases = (
				28379A02255A1FDC000750EF /* Sources */,
				28379A03255A1FDC000750EF /* Frameworks */,
				28379A04255A1FDC000750EF /* Resources */,
			);
			buildRules = (
			);
			dependencies = (
			);
			name = AmazingTalker;
			packageProductDependencies = (
				28DF8DBF26970DA000CD0462 /* Alamofire */,
			);
			productName = AmazingTalker;
			productReference = 28379A06255A1FDC000750EF /* AmazingTalker.app */;
			productType = "com.apple.product-type.application";
		};
/* End PBXNativeTarget section */

/* Begin PBXProject section */
		283799FE255A1FDC000750EF /* Project object */ = {
			isa = PBXProject;
			attributes = {
				CLASSPREFIX = AT;
				LastSwiftUpdateCheck = 1210;
				LastUpgradeCheck = 1210;
				TargetAttributes = {
					28379A05255A1FDC000750EF = {
						CreatedOnToolsVersion = 12.1;
					};
				};
			};
			buildConfigurationList = 28379A01255A1FDC000750EF /* Build configuration list for PBXProject "AmazingTalker" */;
			compatibilityVersion = "Xcode 9.3";
			developmentRegion = en;
			hasScannedForEncodings = 0;
			knownRegions = (
				en,
				"zh-Hant",
			);
			mainGroup = 283799FD255A1FDC000750EF;
			packageReferences = (
				28DF8DBE26970DA000CD0462 /* XCRemoteSwiftPackageReference "Alamofire" */,
			);
			productRefGroup = 28379A07255A1FDC000750EF /* Products */;
			projectDirPath = "";
			projectRoot = "";
			targets = (
				28379A05255A1FDC000750EF /* AmazingTalker */,
			);
		};
/* End PBXProject section */

/* Begin PBXResourcesBuildPhase section */
		28379A04255A1FDC000750EF /* Resources */ = {
			isa = PBXResourcesBuildPhase;
			buildActionMask = 2147483647;
			files = (
				28379A32255A21E9000750EF /* Colors.xcassets in Resources */,
				28991909255A443C00EF8881 /* calendar.json in Resources */,
				28379A24255A2048000750EF /* Main.storyboard in Resources */,
				28379A2C255A20C3000750EF /* Localizable.strings in Resources */,
				28815B5B255B7EA600B14FAE /* ATTimePeriodCell.xib in Resources */,
				28379A2D255A20C3000750EF /* Assets.xcassets in Resources */,
				289B3FF1255A7BF900C8D147 /* ATCalendarViewCell.xib in Resources */,
				28379A23255A2048000750EF /* LaunchScreen.storyboard in Resources */,
			);
			runOnlyForDeploymentPostprocessing = 0;
		};
/* End PBXResourcesBuildPhase section */

/* Begin PBXSourcesBuildPhase section */
		28379A02255A1FDC000750EF /* Sources */ = {
			isa = PBXSourcesBuildPhase;
			buildActionMask = 2147483647;
			files = (
				28DF8DBD26970D5600CD0462 /* Api.swift in Sources */,
				28815B5A255B7EA600B14FAE /* ATTimePeriodCell.swift in Sources */,
				289B4000255A83B800C8D147 /* ATCalendarViewLayout.swift in Sources */,
				28379A0E255A1FDC000750EF /* ATMainViewController.swift in Sources */,
				28379A0A255A1FDC000750EF /* AppDelegate.swift in Sources */,
				28DF8DC826974C6F00CD0462 /* APIRequestHandler.swift in Sources */,
				289B4014255B77D800C8D147 /* ATDayTimetable.swift in Sources */,
				28DF8DC42697497500CD0462 /* Alamofire+Custom.swift in Sources */,
				28379A3E255A2509000750EF /* Localizable.swift in Sources */,
				28379A36255A22E1000750EF /* Color+Custom.swift in Sources */,
				28379A0C255A1FDC000750EF /* SceneDelegate.swift in Sources */,
				289B3FF4255A7C2400C8D147 /* ReusableView.swift in Sources */,
				28379A42255A25D5000750EF /* APIHandler.swift in Sources */,
				28379A4E255A2A95000750EF /* ATError.swift in Sources */,
				289B3FF0255A7BF900C8D147 /* ATCalendarViewCell.swift in Sources */,
				289B3FF7255A7C9900C8D147 /* NibOwnerLoadable.swift in Sources */,
				28DF8DC626974A8800CD0462 /* URL+Custom.swift in Sources */,
				289B400F255AEA4000C8D147 /* Date+Custom.swift in Sources */,
				289B3FEC255A7BDE00C8D147 /* ATCalendarView.swift in Sources */,
				28DF8DC22697149D00CD0462 /* APIParseHandler.swift in Sources */,
			);
			runOnlyForDeploymentPostprocessing = 0;
		};
/* End PBXSourcesBuildPhase section */

/* Begin PBXVariantGroup section */
		28379A28255A20C3000750EF /* Localizable.strings */ = {
			isa = PBXVariantGroup;
			children = (
				28379A29255A20C3000750EF /* en */,
				28379A2B255A20C3000750EF /* zh-Hant */,
			);
			name = Localizable.strings;
			sourceTree = "<group>";
		};
/* End PBXVariantGroup section */

/* Begin XCBuildConfiguration section */
		28379A18255A1FDD000750EF /* Debug */ = {
			isa = XCBuildConfiguration;
			buildSettings = {
				ALWAYS_SEARCH_USER_PATHS = NO;
				CLANG_ANALYZER_LOCALIZABILITY_NONLOCALIZED = YES;
				CLANG_ANALYZER_NONNULL = YES;
				CLANG_ANALYZER_NUMBER_OBJECT_CONVERSION = YES_AGGRESSIVE;
				CLANG_CXX_LANGUAGE_STANDARD = "gnu++14";
				CLANG_CXX_LIBRARY = "libc++";
				CLANG_ENABLE_MODULES = YES;
				CLANG_ENABLE_OBJC_ARC = YES;
				CLANG_ENABLE_OBJC_WEAK = YES;
				CLANG_WARN_BLOCK_CAPTURE_AUTORELEASING = YES;
				CLANG_WARN_BOOL_CONVERSION = YES;
				CLANG_WARN_COMMA = YES;
				CLANG_WARN_CONSTANT_CONVERSION = YES;
				CLANG_WARN_DEPRECATED_OBJC_IMPLEMENTATIONS = YES;
				CLANG_WARN_DIRECT_OBJC_ISA_USAGE = YES_ERROR;
				CLANG_WARN_DOCUMENTATION_COMMENTS = YES;
				CLANG_WARN_EMPTY_BODY = YES;
				CLANG_WARN_ENUM_CONVERSION = YES;
				CLANG_WARN_INFINITE_RECURSION = YES;
				CLANG_WARN_INT_CONVERSION = YES;
				CLANG_WARN_NON_LITERAL_NULL_CONVERSION = YES;
				CLANG_WARN_OBJC_IMPLICIT_RETAIN_SELF = YES;
				CLANG_WARN_OBJC_LITERAL_CONVERSION = YES;
				CLANG_WARN_OBJC_ROOT_CLASS = YES_ERROR;
				CLANG_WARN_QUOTED_INCLUDE_IN_FRAMEWORK_HEADER = YES;
				CLANG_WARN_RANGE_LOOP_ANALYSIS = YES;
				CLANG_WARN_STRICT_PROTOTYPES = YES;
				CLANG_WARN_SUSPICIOUS_MOVE = YES;
				CLANG_WARN_UNGUARDED_AVAILABILITY = YES_AGGRESSIVE;
				CLANG_WARN_UNREACHABLE_CODE = YES;
				CLANG_WARN__DUPLICATE_METHOD_MATCH = YES;
				COPY_PHASE_STRIP = NO;
				DEBUG_INFORMATION_FORMAT = dwarf;
				ENABLE_STRICT_OBJC_MSGSEND = YES;
				ENABLE_TESTABILITY = YES;
				GCC_C_LANGUAGE_STANDARD = gnu11;
				GCC_DYNAMIC_NO_PIC = NO;
				GCC_NO_COMMON_BLOCKS = YES;
				GCC_OPTIMIZATION_LEVEL = 0;
				GCC_PREPROCESSOR_DEFINITIONS = (
					"DEBUG=1",
					"$(inherited)",
				);
				GCC_WARN_64_TO_32_BIT_CONVERSION = YES;
				GCC_WARN_ABOUT_RETURN_TYPE = YES_ERROR;
				GCC_WARN_UNDECLARED_SELECTOR = YES;
				GCC_WARN_UNINITIALIZED_AUTOS = YES_AGGRESSIVE;
				GCC_WARN_UNUSED_FUNCTION = YES;
				GCC_WARN_UNUSED_VARIABLE = YES;
				IPHONEOS_DEPLOYMENT_TARGET = 14.1;
				MTL_ENABLE_DEBUG_INFO = INCLUDE_SOURCE;
				MTL_FAST_MATH = YES;
				ONLY_ACTIVE_ARCH = YES;
				SDKROOT = iphoneos;
				SWIFT_ACTIVE_COMPILATION_CONDITIONS = DEBUG;
				SWIFT_OPTIMIZATION_LEVEL = "-Onone";
			};
			name = Debug;
		};
		28379A19255A1FDD000750EF /* Release */ = {
			isa = XCBuildConfiguration;
			buildSettings = {
				ALWAYS_SEARCH_USER_PATHS = NO;
				CLANG_ANALYZER_LOCALIZABILITY_NONLOCALIZED = YES;
				CLANG_ANALYZER_NONNULL = YES;
				CLANG_ANALYZER_NUMBER_OBJECT_CONVERSION = YES_AGGRESSIVE;
				CLANG_CXX_LANGUAGE_STANDARD = "gnu++14";
				CLANG_CXX_LIBRARY = "libc++";
				CLANG_ENABLE_MODULES = YES;
				CLANG_ENABLE_OBJC_ARC = YES;
				CLANG_ENABLE_OBJC_WEAK = YES;
				CLANG_WARN_BLOCK_CAPTURE_AUTORELEASING = YES;
				CLANG_WARN_BOOL_CONVERSION = YES;
				CLANG_WARN_COMMA = YES;
				CLANG_WARN_CONSTANT_CONVERSION = YES;
				CLANG_WARN_DEPRECATED_OBJC_IMPLEMENTATIONS = YES;
				CLANG_WARN_DIRECT_OBJC_ISA_USAGE = YES_ERROR;
				CLANG_WARN_DOCUMENTATION_COMMENTS = YES;
				CLANG_WARN_EMPTY_BODY = YES;
				CLANG_WARN_ENUM_CONVERSION = YES;
				CLANG_WARN_INFINITE_RECURSION = YES;
				CLANG_WARN_INT_CONVERSION = YES;
				CLANG_WARN_NON_LITERAL_NULL_CONVERSION = YES;
				CLANG_WARN_OBJC_IMPLICIT_RETAIN_SELF = YES;
				CLANG_WARN_OBJC_LITERAL_CONVERSION = YES;
				CLANG_WARN_OBJC_ROOT_CLASS = YES_ERROR;
				CLANG_WARN_QUOTED_INCLUDE_IN_FRAMEWORK_HEADER = YES;
				CLANG_WARN_RANGE_LOOP_ANALYSIS = YES;
				CLANG_WARN_STRICT_PROTOTYPES = YES;
				CLANG_WARN_SUSPICIOUS_MOVE = YES;
				CLANG_WARN_UNGUARDED_AVAILABILITY = YES_AGGRESSIVE;
				CLANG_WARN_UNREACHABLE_CODE = YES;
				CLANG_WARN__DUPLICATE_METHOD_MATCH = YES;
				COPY_PHASE_STRIP = NO;
				DEBUG_INFORMATION_FORMAT = "dwarf-with-dsym";
				ENABLE_NS_ASSERTIONS = NO;
				ENABLE_STRICT_OBJC_MSGSEND = YES;
				GCC_C_LANGUAGE_STANDARD = gnu11;
				GCC_NO_COMMON_BLOCKS = YES;
				GCC_WARN_64_TO_32_BIT_CONVERSION = YES;
				GCC_WARN_ABOUT_RETURN_TYPE = YES_ERROR;
				GCC_WARN_UNDECLARED_SELECTOR = YES;
				GCC_WARN_UNINITIALIZED_AUTOS = YES_AGGRESSIVE;
				GCC_WARN_UNUSED_FUNCTION = YES;
				GCC_WARN_UNUSED_VARIABLE = YES;
				IPHONEOS_DEPLOYMENT_TARGET = 14.1;
				MTL_ENABLE_DEBUG_INFO = NO;
				MTL_FAST_MATH = YES;
				SDKROOT = iphoneos;
				SWIFT_COMPILATION_MODE = wholemodule;
				SWIFT_OPTIMIZATION_LEVEL = "-O";
				VALIDATE_PRODUCT = YES;
			};
			name = Release;
		};
		28379A1B255A1FDD000750EF /* Debug */ = {
			isa = XCBuildConfiguration;
			buildSettings = {
				ASSETCATALOG_COMPILER_APPICON_NAME = AppIcon;
				ASSETCATALOG_COMPILER_GLOBAL_ACCENT_COLOR_NAME = AccentColor;
				CODE_SIGN_STYLE = Automatic;
				DEVELOPMENT_TEAM = TMAN347XG5;
				INFOPLIST_FILE = AmazingTalker/Info.plist;
				LD_RUNPATH_SEARCH_PATHS = (
					"$(inherited)",
					"@executable_path/Frameworks",
				);
				PRODUCT_BUNDLE_IDENTIFIER = com.wii.AmazingTalker;
				PRODUCT_NAME = "$(TARGET_NAME)";
				SWIFT_VERSION = 5.0;
				TARGETED_DEVICE_FAMILY = "1,2";
			};
			name = Debug;
		};
		28379A1C255A1FDD000750EF /* Release */ = {
			isa = XCBuildConfiguration;
			buildSettings = {
				ASSETCATALOG_COMPILER_APPICON_NAME = AppIcon;
				ASSETCATALOG_COMPILER_GLOBAL_ACCENT_COLOR_NAME = AccentColor;
				CODE_SIGN_STYLE = Automatic;
				DEVELOPMENT_TEAM = TMAN347XG5;
				INFOPLIST_FILE = AmazingTalker/Info.plist;
				LD_RUNPATH_SEARCH_PATHS = (
					"$(inherited)",
					"@executable_path/Frameworks",
				);
				PRODUCT_BUNDLE_IDENTIFIER = com.wii.AmazingTalker;
				PRODUCT_NAME = "$(TARGET_NAME)";
				SWIFT_VERSION = 5.0;
				TARGETED_DEVICE_FAMILY = "1,2";
			};
			name = Release;
		};
/* End XCBuildConfiguration section */

/* Begin XCConfigurationList section */
		28379A01255A1FDC000750EF /* Build configuration list for PBXProject "AmazingTalker" */ = {
			isa = XCConfigurationList;
			buildConfigurations = (
				28379A18255A1FDD000750EF /* Debug */,
				28379A19255A1FDD000750EF /* Release */,
			);
			defaultConfigurationIsVisible = 0;
			defaultConfigurationName = Release;
		};
		28379A1A255A1FDD000750EF /* Build configuration list for PBXNativeTarget "AmazingTalker" */ = {
			isa = XCConfigurationList;
			buildConfigurations = (
				28379A1B255A1FDD000750EF /* Debug */,
				28379A1C255A1FDD000750EF /* Release */,
			);
			defaultConfigurationIsVisible = 0;
			defaultConfigurationName = Release;
		};
/* End XCConfigurationList section */

/* Begin XCRemoteSwiftPackageReference section */
		28DF8DBE26970DA000CD0462 /* XCRemoteSwiftPackageReference "Alamofire" */ = {
			isa = XCRemoteSwiftPackageReference;
			repositoryURL = "https://github.com/Alamofire/Alamofire.git";
			requirement = {
				kind = upToNextMajorVersion;
				minimumVersion = 5.4.3;
			};
		};
/* End XCRemoteSwiftPackageReference section */

/* Begin XCSwiftPackageProductDependency section */
		28DF8DBF26970DA000CD0462 /* Alamofire */ = {
			isa = XCSwiftPackageProductDependency;
			package = 28DF8DBE26970DA000CD0462 /* XCRemoteSwiftPackageReference "Alamofire" */;
			productName = Alamofire;
		};
/* End XCSwiftPackageProductDependency section */
	};
	rootObject = 283799FE255A1FDC000750EF /* Project object */;
}
